// !$*UTF8*$!
{
	archiveVersion = 1;
	classes = {
	};
	objectVersion = 52;
	objects = {

/* Begin PBXBuildFile section */
		2209345824309796004A5FDE /* ARConverterView.swift in Sources */ = {isa = PBXBuildFile; fileRef = 2209345724309796004A5FDE /* ARConverterView.swift */; };
		2209345B243099B3004A5FDE /* CurrencyConverterView.swift in Sources */ = {isa = PBXBuildFile; fileRef = 2209345A243099B3004A5FDE /* CurrencyConverterView.swift */; };
		223FB5512418F6C70026CD18 /* ChartSeries.swift in Sources */ = {isa = PBXBuildFile; fileRef = 223FB54E2418F6C70026CD18 /* ChartSeries.swift */; };
		223FB5522418F6C70026CD18 /* Chart.swift in Sources */ = {isa = PBXBuildFile; fileRef = 223FB54F2418F6C70026CD18 /* Chart.swift */; };
		223FB5532418F6C70026CD18 /* ChartColors.swift in Sources */ = {isa = PBXBuildFile; fileRef = 223FB5502418F6C70026CD18 /* ChartColors.swift */; };
		22588F78237AE4E2008B9916 /* ARRatesFetcher.swift in Sources */ = {isa = PBXBuildFile; fileRef = 22588F77237AE4E2008B9916 /* ARRatesFetcher.swift */; };
		22588F7B237AE54D008B9916 /* ARNetwork.swift in Sources */ = {isa = PBXBuildFile; fileRef = 22588F7A237AE54D008B9916 /* ARNetwork.swift */; };
		22588F80237AE8E2008B9916 /* StringEx.swift in Sources */ = {isa = PBXBuildFile; fileRef = 22588F7F237AE8E2008B9916 /* StringEx.swift */; };
		22588F82237AE938008B9916 /* EncodableEx.swift in Sources */ = {isa = PBXBuildFile; fileRef = 22588F81237AE938008B9916 /* EncodableEx.swift */; };
		22588F86237AEA92008B9916 /* ARRateModel.swift in Sources */ = {isa = PBXBuildFile; fileRef = 22588F85237AEA92008B9916 /* ARRateModel.swift */; };
		22588F89237E928E008B9916 /* everyDayRates.json in Resources */ = {isa = PBXBuildFile; fileRef = 22588F88237E928E008B9916 /* everyDayRates.json */; };
		22588F8F237E935F008B9916 /* ARCurrencyRow.swift in Sources */ = {isa = PBXBuildFile; fileRef = 22588F8E237E935F008B9916 /* ARCurrencyRow.swift */; };
		22588F91237E9668008B9916 /* TestData.swift in Sources */ = {isa = PBXBuildFile; fileRef = 22588F90237E9668008B9916 /* TestData.swift */; };
		22588F93237EC90E008B9916 /* ARAllRatesView.swift in Sources */ = {isa = PBXBuildFile; fileRef = 22588F92237EC90E008B9916 /* ARAllRatesView.swift */; };
		22588F96237EE88D008B9916 /* ARRate.swift in Sources */ = {isa = PBXBuildFile; fileRef = 22588F95237EE88D008B9916 /* ARRate.swift */; };
		227CE6502372BEA40041808D /* AppDelegate.swift in Sources */ = {isa = PBXBuildFile; fileRef = 227CE64F2372BEA40041808D /* AppDelegate.swift */; };
		227CE6522372BEA40041808D /* SceneDelegate.swift in Sources */ = {isa = PBXBuildFile; fileRef = 227CE6512372BEA40041808D /* SceneDelegate.swift */; };
		227CE6552372BEA40041808D /* ExchangeRatesApp.xcdatamodeld in Sources */ = {isa = PBXBuildFile; fileRef = 227CE6532372BEA40041808D /* ExchangeRatesApp.xcdatamodeld */; };
		227CE65C2372BEA60041808D /* Preview Assets.xcassets in Resources */ = {isa = PBXBuildFile; fileRef = 227CE65B2372BEA60041808D /* Preview Assets.xcassets */; };
		227CE65F2372BEA60041808D /* LaunchScreen.storyboard in Resources */ = {isa = PBXBuildFile; fileRef = 227CE65D2372BEA60041808D /* LaunchScreen.storyboard */; };
		2289235F2452C267005DEA08 /* Assets.xcassets in Resources */ = {isa = PBXBuildFile; fileRef = 2289235E2452C267005DEA08 /* Assets.xcassets */; };
		2290010E24276B4D00D2124B /* ARChartPeriodView.swift in Sources */ = {isa = PBXBuildFile; fileRef = 2290010D24276B4D00D2124B /* ARChartPeriodView.swift */; };
		22A5E41F239FABA0007E13F6 /* ARMainView.swift in Sources */ = {isa = PBXBuildFile; fileRef = 22A5E41E239FABA0007E13F6 /* ARMainView.swift */; };
		22A5E423239FD3B2007E13F6 /* ARCurrencyStatsView.swift in Sources */ = {isa = PBXBuildFile; fileRef = 22A5E422239FD3B2007E13F6 /* ARCurrencyStatsView.swift */; };
		22A5E47023A2300A007E13F6 /* yearStatistic.json in Resources */ = {isa = PBXBuildFile; fileRef = 22A5E46F23A2300A007E13F6 /* yearStatistic.json */; };
		22A5E47223A234B7007E13F6 /* ARStatsForDayModel.swift in Sources */ = {isa = PBXBuildFile; fileRef = 22A5E47123A234B7007E13F6 /* ARStatsForDayModel.swift */; };
		22A5E47423A3BC47007E13F6 /* ARYearRatesFetcher.swift in Sources */ = {isa = PBXBuildFile; fileRef = 22A5E47323A3BC47007E13F6 /* ARYearRatesFetcher.swift */; };
		22C47DDD244ED8E8009320D1 /* ARCurrencyInputView.swift in Sources */ = {isa = PBXBuildFile; fileRef = 22C47DDC244ED8E8009320D1 /* ARCurrencyInputView.swift */; };
		22C47DDF244EE61F009320D1 /* NumberFormatterEx.swift in Sources */ = {isa = PBXBuildFile; fileRef = 22C47DDE244EE61F009320D1 /* NumberFormatterEx.swift */; };
		22C47DE1244F08AC009320D1 /* ARChooseCountryView.swift in Sources */ = {isa = PBXBuildFile; fileRef = 22C47DE0244F08AC009320D1 /* ARChooseCountryView.swift */; };
		22C47DE3244F1026009320D1 /* UserDefaultsManager.swift in Sources */ = {isa = PBXBuildFile; fileRef = 22C47DE2244F1026009320D1 /* UserDefaultsManager.swift */; };
		22C47DE72451B8F8009320D1 /* ARNetworkStatus.swift in Sources */ = {isa = PBXBuildFile; fileRef = 22C47DE62451B8F8009320D1 /* ARNetworkStatus.swift */; };
		22C47DEA2451E5F0009320D1 /* KeyboardAdaptive.swift in Sources */ = {isa = PBXBuildFile; fileRef = 22C47DE92451E5F0009320D1 /* KeyboardAdaptive.swift */; };
		22CA5F142417957F0012B9EB /* Alamofire in Frameworks */ = {isa = PBXBuildFile; productRef = 22CA5F132417957F0012B9EB /* Alamofire */; };
		22D060C4241BA0D000295688 /* ARActivityIndicatorView.swift in Sources */ = {isa = PBXBuildFile; fileRef = 22D060C3241BA0D000295688 /* ARActivityIndicatorView.swift */; };
		22D060C6241BA11B00295688 /* ARChartView.swift in Sources */ = {isa = PBXBuildFile; fileRef = 22D060C5241BA11B00295688 /* ARChartView.swift */; };
		22D060CB241FB8B800295688 /* ARLazyView.swift in Sources */ = {isa = PBXBuildFile; fileRef = 22D060CA241FB8B800295688 /* ARLazyView.swift */; };
		22D060D02422334D00295688 /* ChartDetailView.swift in Sources */ = {isa = PBXBuildFile; fileRef = 22D060CF2422334D00295688 /* ChartDetailView.swift */; };
		22DF552A2386932A0058739C /* DoubleEx.swift in Sources */ = {isa = PBXBuildFile; fileRef = 22DF55292386932A0058739C /* DoubleEx.swift */; };
/* End PBXBuildFile section */

/* Begin PBXFileReference section */
		2209345724309796004A5FDE /* ARConverterView.swift */ = {isa = PBXFileReference; lastKnownFileType = sourcecode.swift; path = ARConverterView.swift; sourceTree = "<group>"; };
		2209345A243099B3004A5FDE /* CurrencyConverterView.swift */ = {isa = PBXFileReference; lastKnownFileType = sourcecode.swift; path = CurrencyConverterView.swift; sourceTree = "<group>"; };
		223FB54E2418F6C70026CD18 /* ChartSeries.swift */ = {isa = PBXFileReference; fileEncoding = 4; lastKnownFileType = sourcecode.swift; path = ChartSeries.swift; sourceTree = "<group>"; };
		223FB54F2418F6C70026CD18 /* Chart.swift */ = {isa = PBXFileReference; fileEncoding = 4; lastKnownFileType = sourcecode.swift; path = Chart.swift; sourceTree = "<group>"; };
		223FB5502418F6C70026CD18 /* ChartColors.swift */ = {isa = PBXFileReference; fileEncoding = 4; lastKnownFileType = sourcecode.swift; path = ChartColors.swift; sourceTree = "<group>"; };
		22588F77237AE4E2008B9916 /* ARRatesFetcher.swift */ = {isa = PBXFileReference; lastKnownFileType = sourcecode.swift; path = ARRatesFetcher.swift; sourceTree = "<group>"; };
		22588F7A237AE54D008B9916 /* ARNetwork.swift */ = {isa = PBXFileReference; lastKnownFileType = sourcecode.swift; path = ARNetwork.swift; sourceTree = "<group>"; };
		22588F7F237AE8E2008B9916 /* StringEx.swift */ = {isa = PBXFileReference; lastKnownFileType = sourcecode.swift; path = StringEx.swift; sourceTree = "<group>"; };
		22588F81237AE938008B9916 /* EncodableEx.swift */ = {isa = PBXFileReference; lastKnownFileType = sourcecode.swift; path = EncodableEx.swift; sourceTree = "<group>"; };
		22588F85237AEA92008B9916 /* ARRateModel.swift */ = {isa = PBXFileReference; lastKnownFileType = sourcecode.swift; path = ARRateModel.swift; sourceTree = "<group>"; };
		22588F88237E928E008B9916 /* everyDayRates.json */ = {isa = PBXFileReference; lastKnownFileType = text.json; path = everyDayRates.json; sourceTree = "<group>"; };
		22588F8E237E935F008B9916 /* ARCurrencyRow.swift */ = {isa = PBXFileReference; lastKnownFileType = sourcecode.swift; path = ARCurrencyRow.swift; sourceTree = "<group>"; };
		22588F90237E9668008B9916 /* TestData.swift */ = {isa = PBXFileReference; lastKnownFileType = sourcecode.swift; path = TestData.swift; sourceTree = "<group>"; };
		22588F92237EC90E008B9916 /* ARAllRatesView.swift */ = {isa = PBXFileReference; lastKnownFileType = sourcecode.swift; path = ARAllRatesView.swift; sourceTree = "<group>"; };
		22588F95237EE88D008B9916 /* ARRate.swift */ = {isa = PBXFileReference; lastKnownFileType = sourcecode.swift; path = ARRate.swift; sourceTree = "<group>"; };
		227CE64C2372BEA40041808D /* Курсы НБ РБ.app */ = {isa = PBXFileReference; explicitFileType = wrapper.application; includeInIndex = 0; path = "Курсы НБ РБ.app"; sourceTree = BUILT_PRODUCTS_DIR; };
		227CE64F2372BEA40041808D /* AppDelegate.swift */ = {isa = PBXFileReference; lastKnownFileType = sourcecode.swift; path = AppDelegate.swift; sourceTree = "<group>"; };
		227CE6512372BEA40041808D /* SceneDelegate.swift */ = {isa = PBXFileReference; lastKnownFileType = sourcecode.swift; path = SceneDelegate.swift; sourceTree = "<group>"; };
		227CE6542372BEA40041808D /* ExchangeRatesApp.xcdatamodel */ = {isa = PBXFileReference; lastKnownFileType = wrapper.xcdatamodel; path = ExchangeRatesApp.xcdatamodel; sourceTree = "<group>"; };
		227CE65B2372BEA60041808D /* Preview Assets.xcassets */ = {isa = PBXFileReference; lastKnownFileType = folder.assetcatalog; path = "Preview Assets.xcassets"; sourceTree = "<group>"; };
		227CE65E2372BEA60041808D /* Base */ = {isa = PBXFileReference; lastKnownFileType = file.storyboard; name = Base; path = Base.lproj/LaunchScreen.storyboard; sourceTree = "<group>"; };
		227CE6602372BEA60041808D /* Info.plist */ = {isa = PBXFileReference; lastKnownFileType = text.plist.xml; path = Info.plist; sourceTree = "<group>"; };
		227CE6672372F8180041808D /* Alamofire.framework */ = {isa = PBXFileReference; lastKnownFileType = wrapper.framework; name = Alamofire.framework; path = Carthage/Build/iOS/Alamofire.framework; sourceTree = "<group>"; };
		2289235E2452C267005DEA08 /* Assets.xcassets */ = {isa = PBXFileReference; lastKnownFileType = folder.assetcatalog; path = Assets.xcassets; sourceTree = "<group>"; };
		2290010D24276B4D00D2124B /* ARChartPeriodView.swift */ = {isa = PBXFileReference; lastKnownFileType = sourcecode.swift; path = ARChartPeriodView.swift; sourceTree = "<group>"; };
		22A5E41E239FABA0007E13F6 /* ARMainView.swift */ = {isa = PBXFileReference; lastKnownFileType = sourcecode.swift; path = ARMainView.swift; sourceTree = "<group>"; };
		22A5E422239FD3B2007E13F6 /* ARCurrencyStatsView.swift */ = {isa = PBXFileReference; lastKnownFileType = sourcecode.swift; path = ARCurrencyStatsView.swift; sourceTree = "<group>"; };
		22A5E46F23A2300A007E13F6 /* yearStatistic.json */ = {isa = PBXFileReference; lastKnownFileType = text.json; path = yearStatistic.json; sourceTree = "<group>"; };
		22A5E47123A234B7007E13F6 /* ARStatsForDayModel.swift */ = {isa = PBXFileReference; lastKnownFileType = sourcecode.swift; path = ARStatsForDayModel.swift; sourceTree = "<group>"; };
		22A5E47323A3BC47007E13F6 /* ARYearRatesFetcher.swift */ = {isa = PBXFileReference; lastKnownFileType = sourcecode.swift; path = ARYearRatesFetcher.swift; sourceTree = "<group>"; };
		22C47DDC244ED8E8009320D1 /* ARCurrencyInputView.swift */ = {isa = PBXFileReference; lastKnownFileType = sourcecode.swift; path = ARCurrencyInputView.swift; sourceTree = "<group>"; };
		22C47DDE244EE61F009320D1 /* NumberFormatterEx.swift */ = {isa = PBXFileReference; lastKnownFileType = sourcecode.swift; path = NumberFormatterEx.swift; sourceTree = "<group>"; };
		22C47DE0244F08AC009320D1 /* ARChooseCountryView.swift */ = {isa = PBXFileReference; lastKnownFileType = sourcecode.swift; path = ARChooseCountryView.swift; sourceTree = "<group>"; };
		22C47DE2244F1026009320D1 /* UserDefaultsManager.swift */ = {isa = PBXFileReference; lastKnownFileType = sourcecode.swift; path = UserDefaultsManager.swift; sourceTree = "<group>"; };
		22C47DE62451B8F8009320D1 /* ARNetworkStatus.swift */ = {isa = PBXFileReference; lastKnownFileType = sourcecode.swift; path = ARNetworkStatus.swift; sourceTree = "<group>"; };
		22C47DE92451E5F0009320D1 /* KeyboardAdaptive.swift */ = {isa = PBXFileReference; lastKnownFileType = sourcecode.swift; path = KeyboardAdaptive.swift; sourceTree = "<group>"; };
		22D060C3241BA0D000295688 /* ARActivityIndicatorView.swift */ = {isa = PBXFileReference; lastKnownFileType = sourcecode.swift; path = ARActivityIndicatorView.swift; sourceTree = "<group>"; };
		22D060C5241BA11B00295688 /* ARChartView.swift */ = {isa = PBXFileReference; lastKnownFileType = sourcecode.swift; path = ARChartView.swift; sourceTree = "<group>"; };
		22D060CA241FB8B800295688 /* ARLazyView.swift */ = {isa = PBXFileReference; lastKnownFileType = sourcecode.swift; path = ARLazyView.swift; sourceTree = "<group>"; };
		22D060CF2422334D00295688 /* ChartDetailView.swift */ = {isa = PBXFileReference; lastKnownFileType = sourcecode.swift; path = ChartDetailView.swift; sourceTree = "<group>"; };
		22DF55292386932A0058739C /* DoubleEx.swift */ = {isa = PBXFileReference; lastKnownFileType = sourcecode.swift; path = DoubleEx.swift; sourceTree = "<group>"; };
/* End PBXFileReference section */

/* Begin PBXFrameworksBuildPhase section */
		227CE6492372BEA40041808D /* Frameworks */ = {
			isa = PBXFrameworksBuildPhase;
			buildActionMask = 2147483647;
			files = (
				22CA5F142417957F0012B9EB /* Alamofire in Frameworks */,
			);
			runOnlyForDeploymentPostprocessing = 0;
		};
/* End PBXFrameworksBuildPhase section */

/* Begin PBXGroup section */
		2209345524309715004A5FDE /* Converter */ = {
			isa = PBXGroup;
			children = (
				2209345924309998004A5FDE /* Views */,
				2209345724309796004A5FDE /* ARConverterView.swift */,
			);
			path = Converter;
			sourceTree = "<group>";
		};
		2209345924309998004A5FDE /* Views */ = {
			isa = PBXGroup;
			children = (
				2209345A243099B3004A5FDE /* CurrencyConverterView.swift */,
				22C47DDC244ED8E8009320D1 /* ARCurrencyInputView.swift */,
			);
			path = Views;
			sourceTree = "<group>";
		};
		223FB54A2418F6A10026CD18 /* Charts */ = {
			isa = PBXGroup;
			children = (
				223FB54D2418F6C70026CD18 /* Source */,
			);
			name = Charts;
			sourceTree = "<group>";
		};
		223FB54D2418F6C70026CD18 /* Source */ = {
			isa = PBXGroup;
			children = (
				223FB54E2418F6C70026CD18 /* ChartSeries.swift */,
				223FB54F2418F6C70026CD18 /* Chart.swift */,
				223FB5502418F6C70026CD18 /* ChartColors.swift */,
			);
			path = Source;
			sourceTree = "<group>";
		};
		22588F76237AE483008B9916 /* Fetchers */ = {
			isa = PBXGroup;
			children = (
				22588F83237AEA25008B9916 /* Rates */,
			);
			path = Fetchers;
			sourceTree = "<group>";
		};
		22588F79237AE52E008B9916 /* Network */ = {
			isa = PBXGroup;
			children = (
				22588F7A237AE54D008B9916 /* ARNetwork.swift */,
				22C47DE62451B8F8009320D1 /* ARNetworkStatus.swift */,
			);
			path = Network;
			sourceTree = "<group>";
		};
		22588F7C237AE656008B9916 /* Extensions */ = {
			isa = PBXGroup;
			children = (
				22588F7F237AE8E2008B9916 /* StringEx.swift */,
				22588F81237AE938008B9916 /* EncodableEx.swift */,
				22DF55292386932A0058739C /* DoubleEx.swift */,
				22C47DDE244EE61F009320D1 /* NumberFormatterEx.swift */,
			);
			path = Extensions;
			sourceTree = "<group>";
		};
		22588F83237AEA25008B9916 /* Rates */ = {
			isa = PBXGroup;
			children = (
				22588F84237AEA7E008B9916 /* Models */,
				22588F77237AE4E2008B9916 /* ARRatesFetcher.swift */,
				22A5E47323A3BC47007E13F6 /* ARYearRatesFetcher.swift */,
			);
			path = Rates;
			sourceTree = "<group>";
		};
		22588F84237AEA7E008B9916 /* Models */ = {
			isa = PBXGroup;
			children = (
				22588F85237AEA92008B9916 /* ARRateModel.swift */,
				22A5E47123A234B7007E13F6 /* ARStatsForDayModel.swift */,
			);
			path = Models;
			sourceTree = "<group>";
		};
		22588F87237E91BF008B9916 /* TestData */ = {
			isa = PBXGroup;
			children = (
				22588F88237E928E008B9916 /* everyDayRates.json */,
				22A5E46F23A2300A007E13F6 /* yearStatistic.json */,
				22588F90237E9668008B9916 /* TestData.swift */,
			);
			path = TestData;
			sourceTree = "<group>";
		};
		22588F8A237E92FF008B9916 /* Source */ = {
			isa = PBXGroup;
			children = (
				22A5E41E239FABA0007E13F6 /* ARMainView.swift */,
				22C47DE0244F08AC009320D1 /* ARChooseCountryView.swift */,
				22D060CC242232D800295688 /* AllRates */,
				22D060CD242232EC00295688 /* CurrencyStats */,
				2209345524309715004A5FDE /* Converter */,
			);
			path = Source;
			sourceTree = "<group>";
		};
		22588F8B237E9319008B9916 /* Views */ = {
			isa = PBXGroup;
			children = (
				22588F8E237E935F008B9916 /* ARCurrencyRow.swift */,
			);
			path = Views;
			sourceTree = "<group>";
		};
		22588F94237EE7A0008B9916 /* Business Logic */ = {
			isa = PBXGroup;
			children = (
				22C47DE82451E57C009320D1 /* Keyboard */,
				22588F95237EE88D008B9916 /* ARRate.swift */,
				22D060CA241FB8B800295688 /* ARLazyView.swift */,
				22C47DE2244F1026009320D1 /* UserDefaultsManager.swift */,
			);
			path = "Business Logic";
			sourceTree = "<group>";
		};
		227CE6432372BEA40041808D = {
			isa = PBXGroup;
			children = (
				227CE64E2372BEA40041808D /* ExchangeRatesApp */,
				227CE64D2372BEA40041808D /* Products */,
				227CE6662372F8180041808D /* Frameworks */,
			);
			sourceTree = "<group>";
		};
		227CE64D2372BEA40041808D /* Products */ = {
			isa = PBXGroup;
			children = (
				227CE64C2372BEA40041808D /* Курсы НБ РБ.app */,
			);
			name = Products;
			sourceTree = "<group>";
		};
		227CE64E2372BEA40041808D /* ExchangeRatesApp */ = {
			isa = PBXGroup;
			children = (
				227CE64F2372BEA40041808D /* AppDelegate.swift */,
				227CE6512372BEA40041808D /* SceneDelegate.swift */,
				227CE65D2372BEA60041808D /* LaunchScreen.storyboard */,
				2289235E2452C267005DEA08 /* Assets.xcassets */,
				227CE6602372BEA60041808D /* Info.plist */,
				227CE6532372BEA40041808D /* ExchangeRatesApp.xcdatamodeld */,
				22588F87237E91BF008B9916 /* TestData */,
				22588F7C237AE656008B9916 /* Extensions */,
				22588F79237AE52E008B9916 /* Network */,
				22588F94237EE7A0008B9916 /* Business Logic */,
				22588F76237AE483008B9916 /* Fetchers */,
				22588F8A237E92FF008B9916 /* Source */,
				22D060C1241BA0A600295688 /* UIKit */,
				227CE65A2372BEA60041808D /* Preview Content */,
			);
			path = ExchangeRatesApp;
			sourceTree = "<group>";
		};
		227CE65A2372BEA60041808D /* Preview Content */ = {
			isa = PBXGroup;
			children = (
				227CE65B2372BEA60041808D /* Preview Assets.xcassets */,
			);
			path = "Preview Content";
			sourceTree = "<group>";
		};
		227CE6662372F8180041808D /* Frameworks */ = {
			isa = PBXGroup;
			children = (
				223FB54A2418F6A10026CD18 /* Charts */,
				227CE6672372F8180041808D /* Alamofire.framework */,
			);
			name = Frameworks;
			sourceTree = "<group>";
		};
		22C47DE82451E57C009320D1 /* Keyboard */ = {
			isa = PBXGroup;
			children = (
				22C47DE92451E5F0009320D1 /* KeyboardAdaptive.swift */,
			);
			path = Keyboard;
			sourceTree = "<group>";
		};
		22D060C1241BA0A600295688 /* UIKit */ = {
			isa = PBXGroup;
			children = (
				22D060C3241BA0D000295688 /* ARActivityIndicatorView.swift */,
			);
			path = UIKit;
			sourceTree = "<group>";
		};
		22D060CC242232D800295688 /* AllRates */ = {
			isa = PBXGroup;
			children = (
				22588F8B237E9319008B9916 /* Views */,
				22588F92237EC90E008B9916 /* ARAllRatesView.swift */,
			);
			path = AllRates;
			sourceTree = "<group>";
		};
		22D060CD242232EC00295688 /* CurrencyStats */ = {
			isa = PBXGroup;
			children = (
				22D060CE242232FF00295688 /* Views */,
				22A5E422239FD3B2007E13F6 /* ARCurrencyStatsView.swift */,
			);
			path = CurrencyStats;
			sourceTree = "<group>";
		};
		22D060CE242232FF00295688 /* Views */ = {
			isa = PBXGroup;
			children = (
				22D060C5241BA11B00295688 /* ARChartView.swift */,
				22D060CF2422334D00295688 /* ChartDetailView.swift */,
				2290010D24276B4D00D2124B /* ARChartPeriodView.swift */,
			);
			path = Views;
			sourceTree = "<group>";
		};
/* End PBXGroup section */

/* Begin PBXNativeTarget section */
		227CE64B2372BEA40041808D /* ExchangeRatesApp */ = {
			isa = PBXNativeTarget;
			buildConfigurationList = 227CE6632372BEA60041808D /* Build configuration list for PBXNativeTarget "ExchangeRatesApp" */;
			buildPhases = (
				227CE6482372BEA40041808D /* Sources */,
				227CE6492372BEA40041808D /* Frameworks */,
				227CE64A2372BEA40041808D /* Resources */,
				227CE66C2372FCC50041808D /* swiftlint */,
			);
			buildRules = (
			);
			dependencies = (
			);
			name = ExchangeRatesApp;
			packageProductDependencies = (
				22CA5F132417957F0012B9EB /* Alamofire */,
			);
			productName = ExchangeRatesApp;
			productReference = 227CE64C2372BEA40041808D /* Курсы НБ РБ.app */;
			productType = "com.apple.product-type.application";
		};
/* End PBXNativeTarget section */

/* Begin PBXProject section */
		227CE6442372BEA40041808D /* Project object */ = {
			isa = PBXProject;
			attributes = {
				LastSwiftUpdateCheck = 1120;
				LastUpgradeCheck = 1120;
				ORGANIZATIONNAME = "Artsemi Ryzhankou";
				TargetAttributes = {
					227CE64B2372BEA40041808D = {
						CreatedOnToolsVersion = 11.2;
					};
				};
			};
			buildConfigurationList = 227CE6472372BEA40041808D /* Build configuration list for PBXProject "ExchangeRatesApp" */;
			compatibilityVersion = "Xcode 9.3";
			developmentRegion = en;
			hasScannedForEncodings = 0;
			knownRegions = (
				en,
				Base,
			);
			mainGroup = 227CE6432372BEA40041808D;
			packageReferences = (
				22CA5F122417957F0012B9EB /* XCRemoteSwiftPackageReference "Alamofire" */,
			);
			productRefGroup = 227CE64D2372BEA40041808D /* Products */;
			projectDirPath = "";
			projectRoot = "";
			targets = (
				227CE64B2372BEA40041808D /* ExchangeRatesApp */,
			);
		};
/* End PBXProject section */

/* Begin PBXResourcesBuildPhase section */
		227CE64A2372BEA40041808D /* Resources */ = {
			isa = PBXResourcesBuildPhase;
			buildActionMask = 2147483647;
			files = (
				227CE65F2372BEA60041808D /* LaunchScreen.storyboard in Resources */,
				227CE65C2372BEA60041808D /* Preview Assets.xcassets in Resources */,
				22588F89237E928E008B9916 /* everyDayRates.json in Resources */,
				22A5E47023A2300A007E13F6 /* yearStatistic.json in Resources */,
				2289235F2452C267005DEA08 /* Assets.xcassets in Resources */,
			);
			runOnlyForDeploymentPostprocessing = 0;
		};
/* End PBXResourcesBuildPhase section */

/* Begin PBXShellScriptBuildPhase section */
		227CE66C2372FCC50041808D /* swiftlint */ = {
			isa = PBXShellScriptBuildPhase;
			buildActionMask = 2147483647;
			files = (
			);
			inputFileListPaths = (
			);
			inputPaths = (
			);
			name = swiftlint;
			outputFileListPaths = (
			);
			outputPaths = (
			);
			runOnlyForDeploymentPostprocessing = 0;
			shellPath = /bin/sh;
			shellScript = "if which swiftlint >/dev/null; then\n  swiftlint\nelse\n  echo \"warning: SwiftLint not installed, download from https://github.com/realm/SwiftLint\"\nfi\n";
		};
/* End PBXShellScriptBuildPhase section */

/* Begin PBXSourcesBuildPhase section */
		227CE6482372BEA40041808D /* Sources */ = {
			isa = PBXSourcesBuildPhase;
			buildActionMask = 2147483647;
			files = (
				223FB5522418F6C70026CD18 /* Chart.swift in Sources */,
				22C47DDD244ED8E8009320D1 /* ARCurrencyInputView.swift in Sources */,
				22C47DEA2451E5F0009320D1 /* KeyboardAdaptive.swift in Sources */,
				22A5E423239FD3B2007E13F6 /* ARCurrencyStatsView.swift in Sources */,
				22588F93237EC90E008B9916 /* ARAllRatesView.swift in Sources */,
				22C47DE3244F1026009320D1 /* UserDefaultsManager.swift in Sources */,
				227CE6502372BEA40041808D /* AppDelegate.swift in Sources */,
				22D060C6241BA11B00295688 /* ARChartView.swift in Sources */,
				223FB5532418F6C70026CD18 /* ChartColors.swift in Sources */,
				223FB5512418F6C70026CD18 /* ChartSeries.swift in Sources */,
				22A5E47223A234B7007E13F6 /* ARStatsForDayModel.swift in Sources */,
				2290010E24276B4D00D2124B /* ARChartPeriodView.swift in Sources */,
				22D060D02422334D00295688 /* ChartDetailView.swift in Sources */,
				2209345B243099B3004A5FDE /* CurrencyConverterView.swift in Sources */,
				2209345824309796004A5FDE /* ARConverterView.swift in Sources */,
				227CE6552372BEA40041808D /* ExchangeRatesApp.xcdatamodeld in Sources */,
				22A5E47423A3BC47007E13F6 /* ARYearRatesFetcher.swift in Sources */,
				22588F86237AEA92008B9916 /* ARRateModel.swift in Sources */,
				22C47DE72451B8F8009320D1 /* ARNetworkStatus.swift in Sources */,
				22588F78237AE4E2008B9916 /* ARRatesFetcher.swift in Sources */,
				22588F80237AE8E2008B9916 /* StringEx.swift in Sources */,
				22C47DE1244F08AC009320D1 /* ARChooseCountryView.swift in Sources */,
				22588F91237E9668008B9916 /* TestData.swift in Sources */,
				227CE6522372BEA40041808D /* SceneDelegate.swift in Sources */,
				22588F82237AE938008B9916 /* EncodableEx.swift in Sources */,
				22D060C4241BA0D000295688 /* ARActivityIndicatorView.swift in Sources */,
				22588F96237EE88D008B9916 /* ARRate.swift in Sources */,
				22C47DDF244EE61F009320D1 /* NumberFormatterEx.swift in Sources */,
				22588F7B237AE54D008B9916 /* ARNetwork.swift in Sources */,
				22DF552A2386932A0058739C /* DoubleEx.swift in Sources */,
				22588F8F237E935F008B9916 /* ARCurrencyRow.swift in Sources */,
				22D060CB241FB8B800295688 /* ARLazyView.swift in Sources */,
				22A5E41F239FABA0007E13F6 /* ARMainView.swift in Sources */,
			);
			runOnlyForDeploymentPostprocessing = 0;
		};
/* End PBXSourcesBuildPhase section */

/* Begin PBXVariantGroup section */
		227CE65D2372BEA60041808D /* LaunchScreen.storyboard */ = {
			isa = PBXVariantGroup;
			children = (
				227CE65E2372BEA60041808D /* Base */,
			);
			name = LaunchScreen.storyboard;
			sourceTree = "<group>";
		};
/* End PBXVariantGroup section */

/* Begin XCBuildConfiguration section */
		227CE6612372BEA60041808D /* Debug */ = {
			isa = XCBuildConfiguration;
			buildSettings = {
				ALWAYS_SEARCH_USER_PATHS = NO;
				CLANG_ANALYZER_LOCALIZABILITY_NONLOCALIZED = YES;
				CLANG_ANALYZER_NONNULL = YES;
				CLANG_ANALYZER_NUMBER_OBJECT_CONVERSION = YES_AGGRESSIVE;
				CLANG_CXX_LANGUAGE_STANDARD = "gnu++14";
				CLANG_CXX_LIBRARY = "libc++";
				CLANG_ENABLE_MODULES = YES;
				CLANG_ENABLE_OBJC_ARC = YES;
				CLANG_ENABLE_OBJC_WEAK = YES;
				CLANG_WARN_BLOCK_CAPTURE_AUTORELEASING = YES;
				CLANG_WARN_BOOL_CONVERSION = YES;
				CLANG_WARN_COMMA = YES;
				CLANG_WARN_CONSTANT_CONVERSION = YES;
				CLANG_WARN_DEPRECATED_OBJC_IMPLEMENTATIONS = YES;
				CLANG_WARN_DIRECT_OBJC_ISA_USAGE = YES_ERROR;
				CLANG_WARN_DOCUMENTATION_COMMENTS = YES;
				CLANG_WARN_EMPTY_BODY = YES;
				CLANG_WARN_ENUM_CONVERSION = YES;
				CLANG_WARN_INFINITE_RECURSION = YES;
				CLANG_WARN_INT_CONVERSION = YES;
				CLANG_WARN_NON_LITERAL_NULL_CONVERSION = YES;
				CLANG_WARN_OBJC_IMPLICIT_RETAIN_SELF = YES;
				CLANG_WARN_OBJC_LITERAL_CONVERSION = YES;
				CLANG_WARN_OBJC_ROOT_CLASS = YES_ERROR;
				CLANG_WARN_RANGE_LOOP_ANALYSIS = YES;
				CLANG_WARN_STRICT_PROTOTYPES = YES;
				CLANG_WARN_SUSPICIOUS_MOVE = YES;
				CLANG_WARN_UNGUARDED_AVAILABILITY = YES_AGGRESSIVE;
				CLANG_WARN_UNREACHABLE_CODE = YES;
				CLANG_WARN__DUPLICATE_METHOD_MATCH = YES;
				COPY_PHASE_STRIP = NO;
				DEBUG_INFORMATION_FORMAT = dwarf;
				ENABLE_STRICT_OBJC_MSGSEND = YES;
				ENABLE_TESTABILITY = YES;
				GCC_C_LANGUAGE_STANDARD = gnu11;
				GCC_DYNAMIC_NO_PIC = NO;
				GCC_NO_COMMON_BLOCKS = YES;
				GCC_OPTIMIZATION_LEVEL = 0;
				GCC_PREPROCESSOR_DEFINITIONS = (
					"DEBUG=1",
					"$(inherited)",
				);
				GCC_WARN_64_TO_32_BIT_CONVERSION = YES;
				GCC_WARN_ABOUT_RETURN_TYPE = YES_ERROR;
				GCC_WARN_UNDECLARED_SELECTOR = YES;
				GCC_WARN_UNINITIALIZED_AUTOS = YES_AGGRESSIVE;
				GCC_WARN_UNUSED_FUNCTION = YES;
				GCC_WARN_UNUSED_VARIABLE = YES;
				IPHONEOS_DEPLOYMENT_TARGET = 13.1;
				MTL_ENABLE_DEBUG_INFO = INCLUDE_SOURCE;
				MTL_FAST_MATH = YES;
				ONLY_ACTIVE_ARCH = YES;
				SDKROOT = iphoneos;
				SWIFT_ACTIVE_COMPILATION_CONDITIONS = DEBUG;
				SWIFT_OPTIMIZATION_LEVEL = "-Onone";
			};
			name = Debug;
		};
		227CE6622372BEA60041808D /* Release */ = {
			isa = XCBuildConfiguration;
			buildSettings = {
				ALWAYS_SEARCH_USER_PATHS = NO;
				CLANG_ANALYZER_LOCALIZABILITY_NONLOCALIZED = YES;
				CLANG_ANALYZER_NONNULL = YES;
				CLANG_ANALYZER_NUMBER_OBJECT_CONVERSION = YES_AGGRESSIVE;
				CLANG_CXX_LANGUAGE_STANDARD = "gnu++14";
				CLANG_CXX_LIBRARY = "libc++";
				CLANG_ENABLE_MODULES = YES;
				CLANG_ENABLE_OBJC_ARC = YES;
				CLANG_ENABLE_OBJC_WEAK = YES;
				CLANG_WARN_BLOCK_CAPTURE_AUTORELEASING = YES;
				CLANG_WARN_BOOL_CONVERSION = YES;
				CLANG_WARN_COMMA = YES;
				CLANG_WARN_CONSTANT_CONVERSION = YES;
				CLANG_WARN_DEPRECATED_OBJC_IMPLEMENTATIONS = YES;
				CLANG_WARN_DIRECT_OBJC_ISA_USAGE = YES_ERROR;
				CLANG_WARN_DOCUMENTATION_COMMENTS = YES;
				CLANG_WARN_EMPTY_BODY = YES;
				CLANG_WARN_ENUM_CONVERSION = YES;
				CLANG_WARN_INFINITE_RECURSION = YES;
				CLANG_WARN_INT_CONVERSION = YES;
				CLANG_WARN_NON_LITERAL_NULL_CONVERSION = YES;
				CLANG_WARN_OBJC_IMPLICIT_RETAIN_SELF = YES;
				CLANG_WARN_OBJC_LITERAL_CONVERSION = YES;
				CLANG_WARN_OBJC_ROOT_CLASS = YES_ERROR;
				CLANG_WARN_RANGE_LOOP_ANALYSIS = YES;
				CLANG_WARN_STRICT_PROTOTYPES = YES;
				CLANG_WARN_SUSPICIOUS_MOVE = YES;
				CLANG_WARN_UNGUARDED_AVAILABILITY = YES_AGGRESSIVE;
				CLANG_WARN_UNREACHABLE_CODE = YES;
				CLANG_WARN__DUPLICATE_METHOD_MATCH = YES;
				COPY_PHASE_STRIP = NO;
				DEBUG_INFORMATION_FORMAT = "dwarf-with-dsym";
				ENABLE_NS_ASSERTIONS = NO;
				ENABLE_STRICT_OBJC_MSGSEND = YES;
				GCC_C_LANGUAGE_STANDARD = gnu11;
				GCC_NO_COMMON_BLOCKS = YES;
				GCC_WARN_64_TO_32_BIT_CONVERSION = YES;
				GCC_WARN_ABOUT_RETURN_TYPE = YES_ERROR;
				GCC_WARN_UNDECLARED_SELECTOR = YES;
				GCC_WARN_UNINITIALIZED_AUTOS = YES_AGGRESSIVE;
				GCC_WARN_UNUSED_FUNCTION = YES;
				GCC_WARN_UNUSED_VARIABLE = YES;
				IPHONEOS_DEPLOYMENT_TARGET = 13.1;
				MTL_ENABLE_DEBUG_INFO = NO;
				MTL_FAST_MATH = YES;
				SDKROOT = iphoneos;
				SWIFT_COMPILATION_MODE = wholemodule;
				SWIFT_OPTIMIZATION_LEVEL = "-O";
				VALIDATE_PRODUCT = YES;
			};
			name = Release;
		};
		227CE6642372BEA60041808D /* Debug */ = {
			isa = XCBuildConfiguration;
			buildSettings = {
				ASSETCATALOG_COMPILER_APPICON_NAME = AppIcon;
				CODE_SIGN_IDENTITY = "Apple Development";
				CODE_SIGN_STYLE = Automatic;
				DEVELOPMENT_ASSET_PATHS = "\"ExchangeRatesApp/Preview Content\"";
				DEVELOPMENT_TEAM = L8TNME9M5W;
				ENABLE_PREVIEWS = YES;
				INFOPLIST_FILE = ExchangeRatesApp/Info.plist;
				IPHONEOS_DEPLOYMENT_TARGET = 13.1;
				LD_RUNPATH_SEARCH_PATHS = (
					"$(inherited)",
					"@executable_path/Frameworks",
				);
				PRODUCT_BUNDLE_IDENTIFIER = com.ar.ExchangeRatesApp;
				PRODUCT_NAME = "Курсы НБ РБ";
				PROVISIONING_PROFILE_SPECIFIER = "";
				SWIFT_VERSION = 5.0;
				TARGETED_DEVICE_FAMILY = 1;
			};
			name = Debug;
		};
		227CE6652372BEA60041808D /* Release */ = {
			isa = XCBuildConfiguration;
			buildSettings = {
				ASSETCATALOG_COMPILER_APPICON_NAME = AppIcon;
				CODE_SIGN_IDENTITY = "Apple Development";
				CODE_SIGN_STYLE = Automatic;
				DEVELOPMENT_ASSET_PATHS = "\"ExchangeRatesApp/Preview Content\"";
				DEVELOPMENT_TEAM = L8TNME9M5W;
				ENABLE_PREVIEWS = YES;
				INFOPLIST_FILE = ExchangeRatesApp/Info.plist;
				IPHONEOS_DEPLOYMENT_TARGET = 13.1;
				LD_RUNPATH_SEARCH_PATHS = (
					"$(inherited)",
					"@executable_path/Frameworks",
				);
				PRODUCT_BUNDLE_IDENTIFIER = com.ar.ExchangeRatesApp;
				PRODUCT_NAME = "Курсы НБ РБ";
				PROVISIONING_PROFILE_SPECIFIER = "";
				SWIFT_VERSION = 5.0;
				TARGETED_DEVICE_FAMILY = 1;
			};
			name = Release;
		};
/* End XCBuildConfiguration section */

/* Begin XCConfigurationList section */
		227CE6472372BEA40041808D /* Build configuration list for PBXProject "ExchangeRatesApp" */ = {
			isa = XCConfigurationList;
			buildConfigurations = (
				227CE6612372BEA60041808D /* Debug */,
				227CE6622372BEA60041808D /* Release */,
			);
			defaultConfigurationIsVisible = 0;
			defaultConfigurationName = Release;
		};
		227CE6632372BEA60041808D /* Build configuration list for PBXNativeTarget "ExchangeRatesApp" */ = {
			isa = XCConfigurationList;
			buildConfigurations = (
				227CE6642372BEA60041808D /* Debug */,
				227CE6652372BEA60041808D /* Release */,
			);
			defaultConfigurationIsVisible = 0;
			defaultConfigurationName = Release;
		};
/* End XCConfigurationList section */

/* Begin XCRemoteSwiftPackageReference section */
		22CA5F122417957F0012B9EB /* XCRemoteSwiftPackageReference "Alamofire" */ = {
			isa = XCRemoteSwiftPackageReference;
			repositoryURL = "https://github.com/Alamofire/Alamofire.git";
			requirement = {
				kind = upToNextMajorVersion;
				minimumVersion = 5.0.2;
			};
		};
/* End XCRemoteSwiftPackageReference section */

/* Begin XCSwiftPackageProductDependency section */
		22CA5F132417957F0012B9EB /* Alamofire */ = {
			isa = XCSwiftPackageProductDependency;
			package = 22CA5F122417957F0012B9EB /* XCRemoteSwiftPackageReference "Alamofire" */;
			productName = Alamofire;
		};
/* End XCSwiftPackageProductDependency section */

/* Begin XCVersionGroup section */
		227CE6532372BEA40041808D /* ExchangeRatesApp.xcdatamodeld */ = {
			isa = XCVersionGroup;
			children = (
				227CE6542372BEA40041808D /* ExchangeRatesApp.xcdatamodel */,
			);
			currentVersion = 227CE6542372BEA40041808D /* ExchangeRatesApp.xcdatamodel */;
			path = ExchangeRatesApp.xcdatamodeld;
			sourceTree = "<group>";
			versionGroupType = wrapper.xcdatamodel;
		};
/* End XCVersionGroup section */
	};
	rootObject = 227CE6442372BEA40041808D /* Project object */;
}
